PODS:
  - LoremIpsum (1.0.0)
  - Mantle (1.5):
    - Mantle/extobjc
  - Mantle/extobjc (1.5)
  - PonyDebugger (0.4.0):
    - SocketRocket
  - ReactiveCocoa (2.3.1):
    - ReactiveCocoa/UI
  - ReactiveCocoa/Core (2.3.1):
    - ReactiveCocoa/no-arc
  - ReactiveCocoa/no-arc (2.3.1)
  - ReactiveCocoa/UI (2.3.1):
    - ReactiveCocoa/Core
  - ReactiveViewModel (0.2):
    - ReactiveCocoa (~> 2.1)
  - SDWebImage (3.7.1):
    - SDWebImage/Core
  - SDWebImage/Core (3.7.1)
  - SocketRocket (0.3.1-beta2)

DEPENDENCIES:
  - LoremIpsum (= 1.0.0)
  - Mantle (= 1.5.0)
  - PonyDebugger (= 0.4.0)
  - ReactiveCocoa (= 2.3.1)
  - ReactiveViewModel (= 0.2)
  - SDWebImage (= 3.7.1)

SPEC CHECKSUMS:
  LoremIpsum: a4d378ecaffcb08c7e40cdba3fb935dc41b2272c
  Mantle: c67a7e45e14196ed42b2a7cbb98ff6a9920e6b92
  PonyDebugger: 4f43d7c2f67aa5e26ca00ce6983421608a6eca6d
  ReactiveCocoa: dca75777b9d18990c8714a3a6f2149f29b4d1462
  ReactiveViewModel: 78387196df2e7535bb2776c41df15dbb17300f8a
  SDWebImage: 116e88633b5b416ea0ca4b334a4ac59cf72dd38d
  SocketRocket: 79a68ae186063c65e1fe6f638b1ae2927aa5f304

COCOAPODS: 0.33.1
