// !$*UTF8*$!
{
	archiveVersion = 1;
	classes = {
	};
	objectVersion = 46;
	objects = {

/* Begin PBXBuildFile section */
		6BD5865081614C4E849BCDFC /* libPods.a in Frameworks */ = {isa = PBXBuildFile; fileRef = 4218B6D5FE5B4C5DA373F0F6 /* libPods.a */; };
		83CF45D519D0EF9B00D5F355 /* main.m in Sources */ = {isa = PBXBuildFile; fileRef = 83CF45D419D0EF9B00D5F355 /* main.m */; };
		83CF45D819D0EF9B00D5F355 /* AppDelegate.m in Sources */ = {isa = PBXBuildFile; fileRef = 83CF45D719D0EF9B00D5F355 /* AppDelegate.m */; };
		83CF45E019D0EF9B00D5F355 /* Images.xcassets in Resources */ = {isa = PBXBuildFile; fileRef = 83CF45DF19D0EF9B00D5F355 /* Images.xcassets */; };
		83CF45E319D0EF9B00D5F355 /* LaunchScreen.xib in Resources */ = {isa = PBXBuildFile; fileRef = 83CF45E119D0EF9B00D5F355 /* LaunchScreen.xib */; };
		83CF45EF19D0EF9B00D5F355 /* userlistTests.m in Sources */ = {isa = PBXBuildFile; fileRef = 83CF45EE19D0EF9B00D5F355 /* userlistTests.m */; };
		83CF45FA19D0F22400D5F355 /* User.m in Sources */ = {isa = PBXBuildFile; fileRef = 83CF45F919D0F22400D5F355 /* User.m */; };
		83CF45FE19D0F37B00D5F355 /* UserController.m in Sources */ = {isa = PBXBuildFile; fileRef = 83CF45FD19D0F37B00D5F355 /* UserController.m */; };
		83CF460119D0F69100D5F355 /* UsersViewModel.m in Sources */ = {isa = PBXBuildFile; fileRef = 83CF460019D0F69100D5F355 /* UsersViewModel.m */; };
		83CF460419D0F98100D5F355 /* UserViewModel.m in Sources */ = {isa = PBXBuildFile; fileRef = 83CF460319D0F98100D5F355 /* UserViewModel.m */; };
		83CF460719D0FB1E00D5F355 /* ImageController.m in Sources */ = {isa = PBXBuildFile; fileRef = 83CF460619D0FB1E00D5F355 /* ImageController.m */; };
		83CF460A19D0FB9F00D5F355 /* SDWebImageManager+RACSignalSupport.m in Sources */ = {isa = PBXBuildFile; fileRef = 83CF460919D0FB9F00D5F355 /* SDWebImageManager+RACSignalSupport.m */; };
		83CF461119D1149400D5F355 /* UsersViewController.m in Sources */ = {isa = PBXBuildFile; fileRef = 83CF461019D1149400D5F355 /* UsersViewController.m */; };
		83CF461519D115A100D5F355 /* UserCell.m in Sources */ = {isa = PBXBuildFile; fileRef = 83CF461419D115A100D5F355 /* UserCell.m */; };
/* End PBXBuildFile section */

/* Begin PBXContainerItemProxy section */
		83CF45E919D0EF9B00D5F355 /* PBXContainerItemProxy */ = {
			isa = PBXContainerItemProxy;
			containerPortal = 83CF45C719D0EF9A00D5F355 /* Project object */;
			proxyType = 1;
			remoteGlobalIDString = 83CF45CE19D0EF9A00D5F355;
			remoteInfo = userlist;
		};
/* End PBXContainerItemProxy section */

/* Begin PBXFileReference section */
		4218B6D5FE5B4C5DA373F0F6 /* libPods.a */ = {isa = PBXFileReference; explicitFileType = archive.ar; includeInIndex = 0; path = libPods.a; sourceTree = BUILT_PRODUCTS_DIR; };
		83CF45CF19D0EF9A00D5F355 /* userlist.app */ = {isa = PBXFileReference; explicitFileType = wrapper.application; includeInIndex = 0; path = userlist.app; sourceTree = BUILT_PRODUCTS_DIR; };
		83CF45D319D0EF9B00D5F355 /* Info.plist */ = {isa = PBXFileReference; lastKnownFileType = text.plist.xml; path = Info.plist; sourceTree = "<group>"; };
		83CF45D419D0EF9B00D5F355 /* main.m */ = {isa = PBXFileReference; lastKnownFileType = sourcecode.c.objc; path = main.m; sourceTree = "<group>"; };
		83CF45D619D0EF9B00D5F355 /* AppDelegate.h */ = {isa = PBXFileReference; lastKnownFileType = sourcecode.c.h; path = AppDelegate.h; sourceTree = "<group>"; };
		83CF45D719D0EF9B00D5F355 /* AppDelegate.m */ = {isa = PBXFileReference; lastKnownFileType = sourcecode.c.objc; path = AppDelegate.m; sourceTree = "<group>"; };
		83CF45DF19D0EF9B00D5F355 /* Images.xcassets */ = {isa = PBXFileReference; lastKnownFileType = folder.assetcatalog; path = Images.xcassets; sourceTree = "<group>"; };
		83CF45E219D0EF9B00D5F355 /* Base */ = {isa = PBXFileReference; lastKnownFileType = file.xib; name = Base; path = Base.lproj/LaunchScreen.xib; sourceTree = "<group>"; };
		83CF45E819D0EF9B00D5F355 /* userlistTests.xctest */ = {isa = PBXFileReference; explicitFileType = wrapper.cfbundle; includeInIndex = 0; path = userlistTests.xctest; sourceTree = BUILT_PRODUCTS_DIR; };
		83CF45ED19D0EF9B00D5F355 /* Info.plist */ = {isa = PBXFileReference; lastKnownFileType = text.plist.xml; path = Info.plist; sourceTree = "<group>"; };
		83CF45EE19D0EF9B00D5F355 /* userlistTests.m */ = {isa = PBXFileReference; lastKnownFileType = sourcecode.c.objc; path = userlistTests.m; sourceTree = "<group>"; };
		83CF45F819D0F22400D5F355 /* User.h */ = {isa = PBXFileReference; fileEncoding = 4; lastKnownFileType = sourcecode.c.h; path = User.h; sourceTree = "<group>"; };
		83CF45F919D0F22400D5F355 /* User.m */ = {isa = PBXFileReference; fileEncoding = 4; lastKnownFileType = sourcecode.c.objc; path = User.m; sourceTree = "<group>"; };
		83CF45FB19D0F25500D5F355 /* PrefixHeader.pch */ = {isa = PBXFileReference; lastKnownFileType = sourcecode.c.h; path = PrefixHeader.pch; sourceTree = "<group>"; };
		83CF45FC19D0F37B00D5F355 /* UserController.h */ = {isa = PBXFileReference; fileEncoding = 4; lastKnownFileType = sourcecode.c.h; path = UserController.h; sourceTree = "<group>"; };
		83CF45FD19D0F37B00D5F355 /* UserController.m */ = {isa = PBXFileReference; fileEncoding = 4; lastKnownFileType = sourcecode.c.objc; path = UserController.m; sourceTree = "<group>"; };
		83CF45FF19D0F69100D5F355 /* UsersViewModel.h */ = {isa = PBXFileReference; fileEncoding = 4; lastKnownFileType = sourcecode.c.h; path = UsersViewModel.h; sourceTree = "<group>"; };
		83CF460019D0F69100D5F355 /* UsersViewModel.m */ = {isa = PBXFileReference; fileEncoding = 4; lastKnownFileType = sourcecode.c.objc; path = UsersViewModel.m; sourceTree = "<group>"; };
		83CF460219D0F98100D5F355 /* UserViewModel.h */ = {isa = PBXFileReference; fileEncoding = 4; lastKnownFileType = sourcecode.c.h; path = UserViewModel.h; sourceTree = "<group>"; };
		83CF460319D0F98100D5F355 /* UserViewModel.m */ = {isa = PBXFileReference; fileEncoding = 4; lastKnownFileType = sourcecode.c.objc; path = UserViewModel.m; sourceTree = "<group>"; };
		83CF460519D0FB1E00D5F355 /* ImageController.h */ = {isa = PBXFileReference; fileEncoding = 4; lastKnownFileType = sourcecode.c.h; path = ImageController.h; sourceTree = "<group>"; };
		83CF460619D0FB1E00D5F355 /* ImageController.m */ = {isa = PBXFileReference; fileEncoding = 4; lastKnownFileType = sourcecode.c.objc; path = ImageController.m; sourceTree = "<group>"; };
		83CF460819D0FB9F00D5F355 /* SDWebImageManager+RACSignalSupport.h */ = {isa = PBXFileReference; fileEncoding = 4; lastKnownFileType = sourcecode.c.h; path = "SDWebImageManager+RACSignalSupport.h"; sourceTree = "<group>"; };
		83CF460919D0FB9F00D5F355 /* SDWebImageManager+RACSignalSupport.m */ = {isa = PBXFileReference; fileEncoding = 4; lastKnownFileType = sourcecode.c.objc; path = "SDWebImageManager+RACSignalSupport.m"; sourceTree = "<group>"; };
		83CF460F19D1149400D5F355 /* UsersViewController.h */ = {isa = PBXFileReference; fileEncoding = 4; lastKnownFileType = sourcecode.c.h; path = UsersViewController.h; sourceTree = "<group>"; };
		83CF461019D1149400D5F355 /* UsersViewController.m */ = {isa = PBXFileReference; fileEncoding = 4; lastKnownFileType = sourcecode.c.objc; path = UsersViewController.m; sourceTree = "<group>"; };
		83CF461319D115A100D5F355 /* UserCell.h */ = {isa = PBXFileReference; fileEncoding = 4; lastKnownFileType = sourcecode.c.h; path = UserCell.h; sourceTree = "<group>"; };
		83CF461419D115A100D5F355 /* UserCell.m */ = {isa = PBXFileReference; fileEncoding = 4; lastKnownFileType = sourcecode.c.objc; path = UserCell.m; sourceTree = "<group>"; };
		B3B01B686D7449BCA003571D /* Pods.xcconfig */ = {isa = PBXFileReference; includeInIndex = 1; lastKnownFileType = text.xcconfig; name = Pods.xcconfig; path = Pods/Pods.xcconfig; sourceTree = "<group>"; };
/* End PBXFileReference section */

/* Begin PBXFrameworksBuildPhase section */
		83CF45CC19D0EF9A00D5F355 /* Frameworks */ = {
			isa = PBXFrameworksBuildPhase;
			buildActionMask = 2147483647;
			files = (
				6BD5865081614C4E849BCDFC /* libPods.a in Frameworks */,
			);
			runOnlyForDeploymentPostprocessing = 0;
		};
		83CF45E519D0EF9B00D5F355 /* Frameworks */ = {
			isa = PBXFrameworksBuildPhase;
			buildActionMask = 2147483647;
			files = (
			);
			runOnlyForDeploymentPostprocessing = 0;
		};
/* End PBXFrameworksBuildPhase section */

/* Begin PBXGroup section */
		3C63F1686A094BA48E78BFA4 /* Frameworks */ = {
			isa = PBXGroup;
			children = (
				4218B6D5FE5B4C5DA373F0F6 /* libPods.a */,
			);
			name = Frameworks;
			sourceTree = "<group>";
		};
		83CF45C619D0EF9A00D5F355 = {
			isa = PBXGroup;
			children = (
				83CF45D119D0EF9A00D5F355 /* userlist */,
				83CF45EB19D0EF9B00D5F355 /* userlistTests */,
				83CF45D019D0EF9A00D5F355 /* Products */,
				B3B01B686D7449BCA003571D /* Pods.xcconfig */,
				3C63F1686A094BA48E78BFA4 /* Frameworks */,
			);
			sourceTree = "<group>";
		};
		83CF45D019D0EF9A00D5F355 /* Products */ = {
			isa = PBXGroup;
			children = (
				83CF45CF19D0EF9A00D5F355 /* userlist.app */,
				83CF45E819D0EF9B00D5F355 /* userlistTests.xctest */,
			);
			name = Products;
			sourceTree = "<group>";
		};
		83CF45D119D0EF9A00D5F355 /* userlist */ = {
			isa = PBXGroup;
			children = (
				83CF45D619D0EF9B00D5F355 /* AppDelegate.h */,
				83CF45D719D0EF9B00D5F355 /* AppDelegate.m */,
				83CF461219D1149700D5F355 /* View Controller */,
				83CF460E19D0FDB000D5F355 /* View Model */,
				83CF460B19D0FD9200D5F355 /* Controller */,
				83CF460C19D0FD9D00D5F355 /* RACSignal Support */,
				83CF460D19D0FDA700D5F355 /* Model */,
				83CF45DF19D0EF9B00D5F355 /* Images.xcassets */,
				83CF45E119D0EF9B00D5F355 /* LaunchScreen.xib */,
				83CF45D219D0EF9B00D5F355 /* Supporting Files */,
			);
			path = userlist;
			sourceTree = "<group>";
		};
		83CF45D219D0EF9B00D5F355 /* Supporting Files */ = {
			isa = PBXGroup;
			children = (
				83CF45D319D0EF9B00D5F355 /* Info.plist */,
				83CF45D419D0EF9B00D5F355 /* main.m */,
				83CF45FB19D0F25500D5F355 /* PrefixHeader.pch */,
			);
			name = "Supporting Files";
			sourceTree = "<group>";
		};
		83CF45EB19D0EF9B00D5F355 /* userlistTests */ = {
			isa = PBXGroup;
			children = (
				83CF45EE19D0EF9B00D5F355 /* userlistTests.m */,
				83CF45EC19D0EF9B00D5F355 /* Supporting Files */,
			);
			path = userlistTests;
			sourceTree = "<group>";
		};
		83CF45EC19D0EF9B00D5F355 /* Supporting Files */ = {
			isa = PBXGroup;
			children = (
				83CF45ED19D0EF9B00D5F355 /* Info.plist */,
			);
			name = "Supporting Files";
			sourceTree = "<group>";
		};
		83CF460B19D0FD9200D5F355 /* Controller */ = {
			isa = PBXGroup;
			children = (
				83CF45FC19D0F37B00D5F355 /* UserController.h */,
				83CF45FD19D0F37B00D5F355 /* UserController.m */,
				83CF460519D0FB1E00D5F355 /* ImageController.h */,
				83CF460619D0FB1E00D5F355 /* ImageController.m */,
			);
			name = Controller;
			sourceTree = "<group>";
		};
		83CF460C19D0FD9D00D5F355 /* RACSignal Support */ = {
			isa = PBXGroup;
			children = (
				83CF460819D0FB9F00D5F355 /* SDWebImageManager+RACSignalSupport.h */,
				83CF460919D0FB9F00D5F355 /* SDWebImageManager+RACSignalSupport.m */,
			);
			name = "RACSignal Support";
			sourceTree = "<group>";
		};
		83CF460D19D0FDA700D5F355 /* Model */ = {
			isa = PBXGroup;
			children = (
				83CF45F819D0F22400D5F355 /* User.h */,
				83CF45F919D0F22400D5F355 /* User.m */,
			);
			name = Model;
			sourceTree = "<group>";
		};
		83CF460E19D0FDB000D5F355 /* View Model */ = {
			isa = PBXGroup;
			children = (
				83CF45FF19D0F69100D5F355 /* UsersViewModel.h */,
				83CF460019D0F69100D5F355 /* UsersViewModel.m */,
				83CF460219D0F98100D5F355 /* UserViewModel.h */,
				83CF460319D0F98100D5F355 /* UserViewModel.m */,
			);
			name = "View Model";
			sourceTree = "<group>";
		};
		83CF461219D1149700D5F355 /* View Controller */ = {
			isa = PBXGroup;
			children = (
				83CF460F19D1149400D5F355 /* UsersViewController.h */,
				83CF461019D1149400D5F355 /* UsersViewController.m */,
				83CF461319D115A100D5F355 /* UserCell.h */,
				83CF461419D115A100D5F355 /* UserCell.m */,
			);
			name = "View Controller";
			sourceTree = "<group>";
		};
/* End PBXGroup section */

/* Begin PBXNativeTarget section */
		83CF45CE19D0EF9A00D5F355 /* userlist */ = {
			isa = PBXNativeTarget;
			buildConfigurationList = 83CF45F219D0EF9B00D5F355 /* Build configuration list for PBXNativeTarget "userlist" */;
			buildPhases = (
				50CAE7EE9F6149FEB3D50FD4 /* Check Pods Manifest.lock */,
				83CF45CB19D0EF9A00D5F355 /* Sources */,
				83CF45CC19D0EF9A00D5F355 /* Frameworks */,
				83CF45CD19D0EF9A00D5F355 /* Resources */,
				5603F144160D407D8BCBA2EE /* Copy Pods Resources */,
			);
			buildRules = (
			);
			dependencies = (
			);
			name = userlist;
			productName = userlist;
			productReference = 83CF45CF19D0EF9A00D5F355 /* userlist.app */;
			productType = "com.apple.product-type.application";
		};
		83CF45E719D0EF9B00D5F355 /* userlistTests */ = {
			isa = PBXNativeTarget;
			buildConfigurationList = 83CF45F519D0EF9B00D5F355 /* Build configuration list for PBXNativeTarget "userlistTests" */;
			buildPhases = (
				83CF45E419D0EF9B00D5F355 /* Sources */,
				83CF45E519D0EF9B00D5F355 /* Frameworks */,
				83CF45E619D0EF9B00D5F355 /* Resources */,
			);
			buildRules = (
			);
			dependencies = (
				83CF45EA19D0EF9B00D5F355 /* PBXTargetDependency */,
			);
			name = userlistTests;
			productName = userlistTests;
			productReference = 83CF45E819D0EF9B00D5F355 /* userlistTests.xctest */;
			productType = "com.apple.product-type.bundle.unit-test";
		};
/* End PBXNativeTarget section */

/* Begin PBXProject section */
		83CF45C719D0EF9A00D5F355 /* Project object */ = {
			isa = PBXProject;
			attributes = {
				LastUpgradeCheck = 0600;
				ORGANIZATIONNAME = TwoCentStudios;
				TargetAttributes = {
					83CF45CE19D0EF9A00D5F355 = {
						CreatedOnToolsVersion = 6.0;
					};
					83CF45E719D0EF9B00D5F355 = {
						CreatedOnToolsVersion = 6.0;
						TestTargetID = 83CF45CE19D0EF9A00D5F355;
					};
				};
			};
			buildConfigurationList = 83CF45CA19D0EF9A00D5F355 /* Build configuration list for PBXProject "userlist" */;
			compatibilityVersion = "Xcode 3.2";
			developmentRegion = English;
			hasScannedForEncodings = 0;
			knownRegions = (
				en,
				Base,
			);
			mainGroup = 83CF45C619D0EF9A00D5F355;
			productRefGroup = 83CF45D019D0EF9A00D5F355 /* Products */;
			projectDirPath = "";
			projectRoot = "";
			targets = (
				83CF45CE19D0EF9A00D5F355 /* userlist */,
				83CF45E719D0EF9B00D5F355 /* userlistTests */,
			);
		};
/* End PBXProject section */

/* Begin PBXResourcesBuildPhase section */
		83CF45CD19D0EF9A00D5F355 /* Resources */ = {
			isa = PBXResourcesBuildPhase;
			buildActionMask = 2147483647;
			files = (
				83CF45E319D0EF9B00D5F355 /* LaunchScreen.xib in Resources */,
				83CF45E019D0EF9B00D5F355 /* Images.xcassets in Resources */,
			);
			runOnlyForDeploymentPostprocessing = 0;
		};
		83CF45E619D0EF9B00D5F355 /* Resources */ = {
			isa = PBXResourcesBuildPhase;
			buildActionMask = 2147483647;
			files = (
			);
			runOnlyForDeploymentPostprocessing = 0;
		};
/* End PBXResourcesBuildPhase section */

/* Begin PBXShellScriptBuildPhase section */
		50CAE7EE9F6149FEB3D50FD4 /* Check Pods Manifest.lock */ = {
			isa = PBXShellScriptBuildPhase;
			buildActionMask = 2147483647;
			files = (
			);
			inputPaths = (
			);
			name = "Check Pods Manifest.lock";
			outputPaths = (
			);
			runOnlyForDeploymentPostprocessing = 0;
			shellPath = /bin/sh;
			shellScript = "diff \"${PODS_ROOT}/../Podfile.lock\" \"${PODS_ROOT}/Manifest.lock\" > /dev/null\nif [[ $? != 0 ]] ; then\n    cat << EOM\nerror: The sandbox is not in sync with the Podfile.lock. Run 'pod install' or update your CocoaPods installation.\nEOM\n    exit 1\nfi\n";
			showEnvVarsInLog = 0;
		};
		5603F144160D407D8BCBA2EE /* Copy Pods Resources */ = {
			isa = PBXShellScriptBuildPhase;
			buildActionMask = 2147483647;
			files = (
			);
			inputPaths = (
			);
			name = "Copy Pods Resources";
			outputPaths = (
			);
			runOnlyForDeploymentPostprocessing = 0;
			shellPath = /bin/sh;
			shellScript = "\"${SRCROOT}/Pods/Pods-resources.sh\"\n";
			showEnvVarsInLog = 0;
		};
/* End PBXShellScriptBuildPhase section */

/* Begin PBXSourcesBuildPhase section */
		83CF45CB19D0EF9A00D5F355 /* Sources */ = {
			isa = PBXSourcesBuildPhase;
			buildActionMask = 2147483647;
			files = (
				83CF461119D1149400D5F355 /* UsersViewController.m in Sources */,
				83CF45D819D0EF9B00D5F355 /* AppDelegate.m in Sources */,
				83CF460119D0F69100D5F355 /* UsersViewModel.m in Sources */,
				83CF460719D0FB1E00D5F355 /* ImageController.m in Sources */,
				83CF45D519D0EF9B00D5F355 /* main.m in Sources */,
				83CF45FE19D0F37B00D5F355 /* UserController.m in Sources */,
				83CF45FA19D0F22400D5F355 /* User.m in Sources */,
				83CF460A19D0FB9F00D5F355 /* SDWebImageManager+RACSignalSupport.m in Sources */,
				83CF461519D115A100D5F355 /* UserCell.m in Sources */,
				83CF460419D0F98100D5F355 /* UserViewModel.m in Sources */,
			);
			runOnlyForDeploymentPostprocessing = 0;
		};
		83CF45E419D0EF9B00D5F355 /* Sources */ = {
			isa = PBXSourcesBuildPhase;
			buildActionMask = 2147483647;
			files = (
				83CF45EF19D0EF9B00D5F355 /* userlistTests.m in Sources */,
			);
			runOnlyForDeploymentPostprocessing = 0;
		};
/* End PBXSourcesBuildPhase section */

/* Begin PBXTargetDependency section */
		83CF45EA19D0EF9B00D5F355 /* PBXTargetDependency */ = {
			isa = PBXTargetDependency;
			target = 83CF45CE19D0EF9A00D5F355 /* userlist */;
			targetProxy = 83CF45E919D0EF9B00D5F355 /* PBXContainerItemProxy */;
		};
/* End PBXTargetDependency section */

/* Begin PBXVariantGroup section */
		83CF45E119D0EF9B00D5F355 /* LaunchScreen.xib */ = {
			isa = PBXVariantGroup;
			children = (
				83CF45E219D0EF9B00D5F355 /* Base */,
			);
			name = LaunchScreen.xib;
			sourceTree = "<group>";
		};
/* End PBXVariantGroup section */

/* Begin XCBuildConfiguration section */
		83CF45F019D0EF9B00D5F355 /* Debug */ = {
			isa = XCBuildConfiguration;
			buildSettings = {
				ALWAYS_SEARCH_USER_PATHS = NO;
				CLANG_CXX_LANGUAGE_STANDARD = "gnu++0x";
				CLANG_CXX_LIBRARY = "libc++";
				CLANG_ENABLE_MODULES = YES;
				CLANG_ENABLE_OBJC_ARC = YES;
				CLANG_WARN_BOOL_CONVERSION = YES;
				CLANG_WARN_CONSTANT_CONVERSION = YES;
				CLANG_WARN_DIRECT_OBJC_ISA_USAGE = YES_ERROR;
				CLANG_WARN_EMPTY_BODY = YES;
				CLANG_WARN_ENUM_CONVERSION = YES;
				CLANG_WARN_INT_CONVERSION = YES;
				CLANG_WARN_OBJC_ROOT_CLASS = YES_ERROR;
				CLANG_WARN_UNREACHABLE_CODE = YES;
				CLANG_WARN__DUPLICATE_METHOD_MATCH = YES;
				"CODE_SIGN_IDENTITY[sdk=iphoneos*]" = "iPhone Developer";
				COPY_PHASE_STRIP = NO;
				ENABLE_STRICT_OBJC_MSGSEND = YES;
				GCC_C_LANGUAGE_STANDARD = gnu99;
				GCC_DYNAMIC_NO_PIC = NO;
				GCC_OPTIMIZATION_LEVEL = 0;
				GCC_PREPROCESSOR_DEFINITIONS = (
					"DEBUG=1",
					"$(inherited)",
				);
				GCC_SYMBOLS_PRIVATE_EXTERN = NO;
				GCC_WARN_64_TO_32_BIT_CONVERSION = YES;
				GCC_WARN_ABOUT_RETURN_TYPE = YES_ERROR;
				GCC_WARN_UNDECLARED_SELECTOR = YES;
				GCC_WARN_UNINITIALIZED_AUTOS = YES_AGGRESSIVE;
				GCC_WARN_UNUSED_FUNCTION = YES;
				GCC_WARN_UNUSED_VARIABLE = YES;
				IPHONEOS_DEPLOYMENT_TARGET = 8.0;
				MTL_ENABLE_DEBUG_INFO = YES;
				ONLY_ACTIVE_ARCH = YES;
				SDKROOT = iphoneos;
			};
			name = Debug;
		};
		83CF45F119D0EF9B00D5F355 /* Release */ = {
			isa = XCBuildConfiguration;
			buildSettings = {
				ALWAYS_SEARCH_USER_PATHS = NO;
				CLANG_CXX_LANGUAGE_STANDARD = "gnu++0x";
				CLANG_CXX_LIBRARY = "libc++";
				CLANG_ENABLE_MODULES = YES;
				CLANG_ENABLE_OBJC_ARC = YES;
				CLANG_WARN_BOOL_CONVERSION = YES;
				CLANG_WARN_CONSTANT_CONVERSION = YES;
				CLANG_WARN_DIRECT_OBJC_ISA_USAGE = YES_ERROR;
				CLANG_WARN_EMPTY_BODY = YES;
				CLANG_WARN_ENUM_CONVERSION = YES;
				CLANG_WARN_INT_CONVERSION = YES;
				CLANG_WARN_OBJC_ROOT_CLASS = YES_ERROR;
				CLANG_WARN_UNREACHABLE_CODE = YES;
				CLANG_WARN__DUPLICATE_METHOD_MATCH = YES;
				"CODE_SIGN_IDENTITY[sdk=iphoneos*]" = "iPhone Developer";
				COPY_PHASE_STRIP = YES;
				ENABLE_NS_ASSERTIONS = NO;
				ENABLE_STRICT_OBJC_MSGSEND = YES;
				GCC_C_LANGUAGE_STANDARD = gnu99;
				GCC_WARN_64_TO_32_BIT_CONVERSION = YES;
				GCC_WARN_ABOUT_RETURN_TYPE = YES_ERROR;
				GCC_WARN_UNDECLARED_SELECTOR = YES;
				GCC_WARN_UNINITIALIZED_AUTOS = YES_AGGRESSIVE;
				GCC_WARN_UNUSED_FUNCTION = YES;
				GCC_WARN_UNUSED_VARIABLE = YES;
				IPHONEOS_DEPLOYMENT_TARGET = 8.0;
				MTL_ENABLE_DEBUG_INFO = NO;
				SDKROOT = iphoneos;
				VALIDATE_PRODUCT = YES;
			};
			name = Release;
		};
		83CF45F319D0EF9B00D5F355 /* Debug */ = {
			isa = XCBuildConfiguration;
			baseConfigurationReference = B3B01B686D7449BCA003571D /* Pods.xcconfig */;
			buildSettings = {
				ASSETCATALOG_COMPILER_APPICON_NAME = AppIcon;
				GCC_OPTIMIZATION_LEVEL = s;
				GCC_PREFIX_HEADER = userlist/PrefixHeader.pch;
				INFOPLIST_FILE = userlist/Info.plist;
				LD_RUNPATH_SEARCH_PATHS = "$(inherited) @executable_path/Frameworks";
				PRODUCT_NAME = "$(TARGET_NAME)";
				STRIP_INSTALLED_PRODUCT = NO;
			};
			name = Debug;
		};
		83CF45F419D0EF9B00D5F355 /* Release */ = {
			isa = XCBuildConfiguration;
			baseConfigurationReference = B3B01B686D7449BCA003571D /* Pods.xcconfig */;
			buildSettings = {
				ASSETCATALOG_COMPILER_APPICON_NAME = AppIcon;
				COPY_PHASE_STRIP = NO;
				GCC_PREFIX_HEADER = userlist/PrefixHeader.pch;
				GCC_SYMBOLS_PRIVATE_EXTERN = NO;
				INFOPLIST_FILE = userlist/Info.plist;
				LD_RUNPATH_SEARCH_PATHS = "$(inherited) @executable_path/Frameworks";
				PRODUCT_NAME = "$(TARGET_NAME)";
				STRIP_INSTALLED_PRODUCT = NO;
				VALIDATE_PRODUCT = NO;
			};
			name = Release;
		};
		83CF45F619D0EF9B00D5F355 /* Debug */ = {
			isa = XCBuildConfiguration;
			buildSettings = {
				BUNDLE_LOADER = "$(TEST_HOST)";
				FRAMEWORK_SEARCH_PATHS = (
					"$(SDKROOT)/Developer/Library/Frameworks",
					"$(inherited)",
				);
				GCC_PREPROCESSOR_DEFINITIONS = (
					"DEBUG=1",
					"$(inherited)",
				);
				INFOPLIST_FILE = userlistTests/Info.plist;
				LD_RUNPATH_SEARCH_PATHS = "$(inherited) @executable_path/Frameworks @loader_path/Frameworks";
				PRODUCT_NAME = "$(TARGET_NAME)";
				TEST_HOST = "$(BUILT_PRODUCTS_DIR)/userlist.app/userlist";
			};
			name = Debug;
		};
		83CF45F719D0EF9B00D5F355 /* Release */ = {
			isa = XCBuildConfiguration;
			buildSettings = {
				BUNDLE_LOADER = "$(TEST_HOST)";
				FRAMEWORK_SEARCH_PATHS = (
					"$(SDKROOT)/Developer/Library/Frameworks",
					"$(inherited)",
				);
				INFOPLIST_FILE = userlistTests/Info.plist;
				LD_RUNPATH_SEARCH_PATHS = "$(inherited) @executable_path/Frameworks @loader_path/Frameworks";
				PRODUCT_NAME = "$(TARGET_NAME)";
				TEST_HOST = "$(BUILT_PRODUCTS_DIR)/userlist.app/userlist";
			};
			name = Release;
		};
/* End XCBuildConfiguration section */

/* Begin XCConfigurationList section */
		83CF45CA19D0EF9A00D5F355 /* Build configuration list for PBXProject "userlist" */ = {
			isa = XCConfigurationList;
			buildConfigurations = (
				83CF45F019D0EF9B00D5F355 /* Debug */,
				83CF45F119D0EF9B00D5F355 /* Release */,
			);
			defaultConfigurationIsVisible = 0;
			defaultConfigurationName = Release;
		};
		83CF45F219D0EF9B00D5F355 /* Build configuration list for PBXNativeTarget "userlist" */ = {
			isa = XCConfigurationList;
			buildConfigurations = (
				83CF45F319D0EF9B00D5F355 /* Debug */,
				83CF45F419D0EF9B00D5F355 /* Release */,
			);
			defaultConfigurationIsVisible = 0;
			defaultConfigurationName = Release;
		};
		83CF45F519D0EF9B00D5F355 /* Build configuration list for PBXNativeTarget "userlistTests" */ = {
			isa = XCConfigurationList;
			buildConfigurations = (
				83CF45F619D0EF9B00D5F355 /* Debug */,
				83CF45F719D0EF9B00D5F355 /* Release */,
			);
			defaultConfigurationIsVisible = 0;
			defaultConfigurationName = Release;
		};
/* End XCConfigurationList section */
	};
	rootObject = 83CF45C719D0EF9A00D5F355 /* Project object */;
}
